
Microsoft Visual Studio Solution File, Format Version 12.00
# Visual Studio Version 17
VisualStudioVersion = 17.4.33213.308
MinimumVisualStudioVersion = 10.0.40219.1
Project("{9A19103F-16F7-4668-BE54-9A1E7A4F7556}") = "LQ.Basic.Domain", "src\LQ.Basic.Domain\LQ.Basic.Domain.csproj", "{554AD327-6DBA-4F8F-96F8-81CE7A0C863F}"
EndProject
Project("{9A19103F-16F7-4668-BE54-9A1E7A4F7556}") = "LQ.Basic.Application", "src\LQ.Basic.Application\LQ.Basic.Application.csproj", "{1A94A50E-06DC-43C1-80B5-B662820EC3EB}"
EndProject
Project("{9A19103F-16F7-4668-BE54-9A1E7A4F7556}") = "LQ.Basic.EntityFrameworkCore", "src\LQ.Basic.EntityFrameworkCore\LQ.Basic.EntityFrameworkCore.csproj", "{C956DD76-69C8-4A9C-83EA-D17DF83340FD}"
EndProject
Project("{2150E333-8FDC-42A3-9474-1A3956D46DE8}") = "src", "src", "{CA9AC87F-097E-4F15-8393-4BC07735A5B0}"
EndProject
Project("{2150E333-8FDC-42A3-9474-1A3956D46DE8}") = "test", "test", "{04DBDB01-70F4-4E06-B468-8F87850B22BE}"
EndProject
Project("{9A19103F-16F7-4668-BE54-9A1E7A4F7556}") = "LQ.Basic.Application.Tests", "test\LQ.Basic.Application.Tests\LQ.Basic.Application.Tests.csproj", "{50B2631D-129C-47B3-A587-029CCD6099BC}"
EndProject
Project("{9A19103F-16F7-4668-BE54-9A1E7A4F7556}") = "LQ.Basic.Domain.Shared", "src\LQ.Basic.Domain.Shared\LQ.Basic.Domain.Shared.csproj", "{42F719ED-8413-4895-B5B4-5AB56079BC66}"
EndProject
Project("{9A19103F-16F7-4668-BE54-9A1E7A4F7556}") = "LQ.Basic.Application.Contracts", "src\LQ.Basic.Application.Contracts\LQ.Basic.Application.Contracts.csproj", "{520659C8-C734-4298-A3DA-B539DB9DFC0B}"
EndProject
Project("{9A19103F-16F7-4668-BE54-9A1E7A4F7556}") = "LQ.Basic.HttpApi", "src\LQ.Basic.HttpApi\LQ.Basic.HttpApi.csproj", "{4164BDF7-F527-4E85-9CE6-E3C2D7426A27}"
EndProject
Project("{9A19103F-16F7-4668-BE54-9A1E7A4F7556}") = "LQ.Basic.HttpApi.Client", "src\LQ.Basic.HttpApi.Client\LQ.Basic.HttpApi.Client.csproj", "{3B5A0094-670D-4BB1-BFDD-61B88A8773DC}"
EndProject
Project("{9A19103F-16F7-4668-BE54-9A1E7A4F7556}") = "LQ.Basic.Web", "src\LQ.Basic.Web\LQ.Basic.Web.csproj", "{6FE54035-9C11-4702-A5E2-D16F23101468}"
EndProject
Project("{9A19103F-16F7-4668-BE54-9A1E7A4F7556}") = "LQ.Basic.AuthServer", "src\LQ.Basic.AuthServer\LQ.Basic.AuthServer.csproj", "{073C361E-B8F4-49F5-93CC-72A3FF49C026}"
EndProject
Project("{9A19103F-16F7-4668-BE54-9A1E7A4F7556}") = "LQ.Basic.HttpApi.Host", "src\LQ.Basic.HttpApi.Host\LQ.Basic.HttpApi.Host.csproj", "{E6D5BF0E-DE92-4D82-A352-EF04B37CB11C}"
EndProject
Project("{9A19103F-16F7-4668-BE54-9A1E7A4F7556}") = "LQ.Basic.EntityFrameworkCore.Tests", "test\LQ.Basic.EntityFrameworkCore.Tests\LQ.Basic.EntityFrameworkCore.Tests.csproj", "{1FE30EB9-74A9-47F5-A9F6-7B1FAB672D81}"
EndProject
Project("{9A19103F-16F7-4668-BE54-9A1E7A4F7556}") = "LQ.Basic.TestBase", "test\LQ.Basic.TestBase\LQ.Basic.TestBase.csproj", "{91853F21-9CD9-4132-BC29-A7D5D84FFFE7}"
EndProject
Project("{9A19103F-16F7-4668-BE54-9A1E7A4F7556}") = "LQ.Basic.Domain.Tests", "test\LQ.Basic.Domain.Tests\LQ.Basic.Domain.Tests.csproj", "{E512F4D9-9375-480F-A2F6-A46509F9D824}"
EndProject
Project("{9A19103F-16F7-4668-BE54-9A1E7A4F7556}") = "LQ.Basic.HttpApi.Client.ConsoleTestApp", "test\LQ.Basic.HttpApi.Client.ConsoleTestApp\LQ.Basic.HttpApi.Client.ConsoleTestApp.csproj", "{EF480016-9127-4916-8735-D2466BDBC582}"
EndProject
Project("{9A19103F-16F7-4668-BE54-9A1E7A4F7556}") = "LQ.Basic.DbMigrator", "src\LQ.Basic.DbMigrator\LQ.Basic.DbMigrator.csproj", "{AA94D832-1CCC-4715-95A9-A483F23A1A5D}"
EndProject
Project("{2150E333-8FDC-42A3-9474-1A3956D46DE8}") = "themes", "themes", "{6315E17F-7CCC-472E-9DE0-F47FE5849B88}"
EndProject
Project("{9A19103F-16F7-4668-BE54-9A1E7A4F7556}") = "LQ.Abp.AspNetCore.Mvc.UI.Theme.AdminLTE", "themes\LQ.Abp.AspNetCore.Mvc.UI.Theme.AdminLTE\LQ.Abp.AspNetCore.Mvc.UI.Theme.AdminLTE.csproj", "{7F6DEF28-0C03-4C6E-82CF-F50AF185632E}"
EndProject
Project("{2150E333-8FDC-42A3-9474-1A3956D46DE8}") = "modules", "modules", "{6CE7F3A7-8F6A-4385-BC62-A9C8FB5035BE}"
EndProject
Project("{2150E333-8FDC-42A3-9474-1A3956D46DE8}") = "account", "account", "{FFD78B12-E0E4-47BB-8D41-220F98EBABC7}"
EndProject
Project("{2150E333-8FDC-42A3-9474-1A3956D46DE8}") = "src", "src", "{928F4A56-C903-4688-8E63-9EB03166C831}"
EndProject
Project("{9A19103F-16F7-4668-BE54-9A1E7A4F7556}") = "Volo.Abp.Account.Application", "modules\account\src\Volo.Abp.Account.Application\Volo.Abp.Account.Application.csproj", "{C4CC13FA-9AD1-4678-933D-EAC1E478FEF5}"
EndProject
Project("{9A19103F-16F7-4668-BE54-9A1E7A4F7556}") = "Volo.Abp.Account.Application.Contracts", "modules\account\src\Volo.Abp.Account.Application.Contracts\Volo.Abp.Account.Application.Contracts.csproj", "{2D58EC6F-EECF-417F-88DD-7332176FDC23}"
EndProject
Project("{9A19103F-16F7-4668-BE54-9A1E7A4F7556}") = "Volo.Abp.Account.HttpApi", "modules\account\src\Volo.Abp.Account.HttpApi\Volo.Abp.Account.HttpApi.csproj", "{2E4D32BF-E8BA-4C32-A8ED-41CC2863F62D}"
EndProject
Project("{9A19103F-16F7-4668-BE54-9A1E7A4F7556}") = "Volo.Abp.Account.HttpApi.Client", "modules\account\src\Volo.Abp.Account.HttpApi.Client\Volo.Abp.Account.HttpApi.Client.csproj", "{5F81BE65-A7A1-4FC7-BDC8-02C5BEEB0108}"
EndProject
Project("{9A19103F-16F7-4668-BE54-9A1E7A4F7556}") = "Volo.Abp.Account.Installer", "modules\account\src\Volo.Abp.Account.Installer\Volo.Abp.Account.Installer.csproj", "{F85CCCE0-4614-489A-9EE3-95A8EC29FC89}"
EndProject
Project("{9A19103F-16F7-4668-BE54-9A1E7A4F7556}") = "Volo.Abp.Account.Web", "modules\account\src\Volo.Abp.Account.Web\Volo.Abp.Account.Web.csproj", "{DC00C94A-0C66-4620-9E99-4C9627745B21}"
EndProject
Project("{9A19103F-16F7-4668-BE54-9A1E7A4F7556}") = "Volo.Abp.Account.Web.OpenIddict", "modules\account\src\Volo.Abp.Account.Web.OpenIddict\Volo.Abp.Account.Web.OpenIddict.csproj", "{0128DB0D-5789-4D89-998B-791F12F4AB8D}"
EndProject
Project("{2150E333-8FDC-42A3-9474-1A3956D46DE8}") = "identity", "identity", "{BD697943-D136-4574-AB2B-7ECF1E20C776}"
EndProject
Project("{2150E333-8FDC-42A3-9474-1A3956D46DE8}") = "src", "src", "{C5A14412-0C5A-41D5-8EE6-FEE08CA033AA}"
EndProject
Project("{9A19103F-16F7-4668-BE54-9A1E7A4F7556}") = "Volo.Abp.Identity.Application", "modules\identity\src\Volo.Abp.Identity.Application\Volo.Abp.Identity.Application.csproj", "{C1F8C384-E03E-42C8-96F2-79029DA4B983}"
EndProject
Project("{2150E333-8FDC-42A3-9474-1A3956D46DE8}") = "users", "users", "{80724F1B-0FD9-44F5-9716-FA4C074B3609}"
EndProject
Project("{2150E333-8FDC-42A3-9474-1A3956D46DE8}") = "src", "src", "{9A730CF7-4D4D-4B63-AD33-1FAE5B5AE6D7}"
EndProject
Project("{9A19103F-16F7-4668-BE54-9A1E7A4F7556}") = "Volo.Abp.Users.Abstractions", "modules\users\src\Volo.Abp.Users.Abstractions\Volo.Abp.Users.Abstractions.csproj", "{BCD9EA04-8D35-4038-8B83-BB772630CE3A}"
EndProject
Project("{9A19103F-16F7-4668-BE54-9A1E7A4F7556}") = "Volo.Abp.Identity.Application.Contracts", "modules\identity\src\Volo.Abp.Identity.Application.Contracts\Volo.Abp.Identity.Application.Contracts.csproj", "{674562A9-AF10-45E8-A585-506C23E90BE3}"
EndProject
Project("{9A19103F-16F7-4668-BE54-9A1E7A4F7556}") = "Volo.Abp.Identity.AspNetCore", "modules\identity\src\Volo.Abp.Identity.AspNetCore\Volo.Abp.Identity.AspNetCore.csproj", "{0B6B5C44-83C6-4870-90B3-4B4D16B662DF}"
EndProject
Project("{9A19103F-16F7-4668-BE54-9A1E7A4F7556}") = "Volo.Abp.Identity.Domain", "modules\identity\src\Volo.Abp.Identity.Domain\Volo.Abp.Identity.Domain.csproj", "{0854E3A9-CF2D-4422-930B-926633FAC198}"
EndProject
Project("{9A19103F-16F7-4668-BE54-9A1E7A4F7556}") = "Volo.Abp.Identity.Domain.Shared", "modules\identity\src\Volo.Abp.Identity.Domain.Shared\Volo.Abp.Identity.Domain.Shared.csproj", "{77B94E3A-4066-4FD3-B4D6-ED58BE2F4B80}"
EndProject
Project("{9A19103F-16F7-4668-BE54-9A1E7A4F7556}") = "Volo.Abp.Identity.EntityFrameworkCore", "modules\identity\src\Volo.Abp.Identity.EntityFrameworkCore\Volo.Abp.Identity.EntityFrameworkCore.csproj", "{669D883A-18EA-4818-97E7-37ACA5277D8A}"
EndProject
Project("{9A19103F-16F7-4668-BE54-9A1E7A4F7556}") = "Volo.Abp.Identity.HttpApi", "modules\identity\src\Volo.Abp.Identity.HttpApi\Volo.Abp.Identity.HttpApi.csproj", "{A374F731-C76C-440F-8839-28E85BEDD735}"
EndProject
Project("{9A19103F-16F7-4668-BE54-9A1E7A4F7556}") = "Volo.Abp.Identity.HttpApi.Client", "modules\identity\src\Volo.Abp.Identity.HttpApi.Client\Volo.Abp.Identity.HttpApi.Client.csproj", "{F6A6206A-85F8-4C32-BADA-B93465F2310D}"
EndProject
Project("{9A19103F-16F7-4668-BE54-9A1E7A4F7556}") = "Volo.Abp.Identity.Installer", "modules\identity\src\Volo.Abp.Identity.Installer\Volo.Abp.Identity.Installer.csproj", "{A7FDC1E7-5ADD-4904-8BC7-3EF17462729A}"
EndProject
Project("{9A19103F-16F7-4668-BE54-9A1E7A4F7556}") = "Volo.Abp.Identity.Web", "modules\identity\src\Volo.Abp.Identity.Web\Volo.Abp.Identity.Web.csproj", "{32DE5633-9B4E-47F0-9D96-5CCC197C0A48}"
EndProject
Project("{9A19103F-16F7-4668-BE54-9A1E7A4F7556}") = "Volo.Abp.PermissionManagement.Domain.Identity", "modules\identity\src\Volo.Abp.PermissionManagement.Domain.Identity\Volo.Abp.PermissionManagement.Domain.Identity.csproj", "{364E091C-BABB-42B7-8424-8AF8BCBFD4F2}"
EndProject
Project("{9A19103F-16F7-4668-BE54-9A1E7A4F7556}") = "Volo.Abp.Users.Domain", "modules\users\src\Volo.Abp.Users.Domain\Volo.Abp.Users.Domain.csproj", "{98EC692E-1354-4FED-9449-E01EDD348B79}"
EndProject
Project("{9A19103F-16F7-4668-BE54-9A1E7A4F7556}") = "Volo.Abp.Users.Domain.Shared", "modules\users\src\Volo.Abp.Users.Domain.Shared\Volo.Abp.Users.Domain.Shared.csproj", "{FC10F384-EF18-42BE-AE83-6FE4F655944F}"
EndProject
Project("{9A19103F-16F7-4668-BE54-9A1E7A4F7556}") = "Volo.Abp.Users.EntityFrameworkCore", "modules\users\src\Volo.Abp.Users.EntityFrameworkCore\Volo.Abp.Users.EntityFrameworkCore.csproj", "{3E895EEE-2102-415B-A0A7-6827CAC30C3D}"
EndProject
Project("{9A19103F-16F7-4668-BE54-9A1E7A4F7556}") = "Volo.Abp.Users.Installer", "modules\users\src\Volo.Abp.Users.Installer\Volo.Abp.Users.Installer.csproj", "{B592B24B-0B9D-47C3-8820-F2BC16894DF0}"
EndProject
Project("{2150E333-8FDC-42A3-9474-1A3956D46DE8}") = "host", "host", "{E124F6CC-A2AA-475F-BBB2-B53BF33B141D}"
EndProject
Project("{2150E333-8FDC-42A3-9474-1A3956D46DE8}") = "LQ.Map", "LQ.Map", "{B51D0264-ED43-4E38-99F0-4A37ED8C8FE8}"
EndProject
Project("{2150E333-8FDC-42A3-9474-1A3956D46DE8}") = "src", "src", "{1869892B-48EF-49D5-8BBB-723598B5862A}"
EndProject
Project("{9A19103F-16F7-4668-BE54-9A1E7A4F7556}") = "LQ.Map.Web", "modules\LQ.Map\src\LQ.Map.Web\LQ.Map.Web.csproj", "{6195A75A-32E0-486D-8B6F-608EFEBFA863}"
EndProject
Project("{9A19103F-16F7-4668-BE54-9A1E7A4F7556}") = "LQ.Map.Application", "modules\LQ.Map\src\LQ.Map.Application\LQ.Map.Application.csproj", "{D4559E78-3B6A-42A0-8526-BD69E6B17864}"
EndProject
Project("{9A19103F-16F7-4668-BE54-9A1E7A4F7556}") = "LQ.Map.Application.Contracts", "modules\LQ.Map\src\LQ.Map.Application.Contracts\LQ.Map.Application.Contracts.csproj", "{41C8CC89-89D8-4BD4-B707-F349630E2796}"
EndProject
Project("{9A19103F-16F7-4668-BE54-9A1E7A4F7556}") = "LQ.Map.Domain", "modules\LQ.Map\src\LQ.Map.Domain\LQ.Map.Domain.csproj", "{A667F2B7-B16B-40B5-96FB-5D58D2CEB8CE}"
EndProject
Project("{9A19103F-16F7-4668-BE54-9A1E7A4F7556}") = "LQ.Map.Domain.Shared", "modules\LQ.Map\src\LQ.Map.Domain.Shared\LQ.Map.Domain.Shared.csproj", "{2AD5AD28-1764-42AD-B288-18F650010B88}"
EndProject
Project("{9A19103F-16F7-4668-BE54-9A1E7A4F7556}") = "LQ.Map.EntityFrameworkCore", "modules\LQ.Map\src\LQ.Map.EntityFrameworkCore\LQ.Map.EntityFrameworkCore.csproj", "{1FAA850C-49FF-4A5B-99A6-B70F424E1B5A}"
EndProject
Project("{9A19103F-16F7-4668-BE54-9A1E7A4F7556}") = "LQ.Map.HttpApi", "modules\LQ.Map\src\LQ.Map.HttpApi\LQ.Map.HttpApi.csproj", "{90C38F2F-02DC-4B8B-8E56-CCFFF10DF8C9}"
EndProject
Project("{9A19103F-16F7-4668-BE54-9A1E7A4F7556}") = "LQ.Map.HttpApi.Client", "modules\LQ.Map\src\LQ.Map.HttpApi.Client\LQ.Map.HttpApi.Client.csproj", "{DC6A321E-814E-4BFF-8565-4BBE3AE1566A}"
EndProject
Global
	GlobalSection(SolutionConfigurationPlatforms) = preSolution
		Debug|Any CPU = Debug|Any CPU
		Release|Any CPU = Release|Any CPU
	EndGlobalSection
	GlobalSection(ProjectConfigurationPlatforms) = postSolution
		{554AD327-6DBA-4F8F-96F8-81CE7A0C863F}.Debug|Any CPU.ActiveCfg = Debug|Any CPU
		{554AD327-6DBA-4F8F-96F8-81CE7A0C863F}.Debug|Any CPU.Build.0 = Debug|Any CPU
		{554AD327-6DBA-4F8F-96F8-81CE7A0C863F}.Release|Any CPU.ActiveCfg = Release|Any CPU
		{554AD327-6DBA-4F8F-96F8-81CE7A0C863F}.Release|Any CPU.Build.0 = Release|Any CPU
		{1A94A50E-06DC-43C1-80B5-B662820EC3EB}.Debug|Any CPU.ActiveCfg = Debug|Any CPU
		{1A94A50E-06DC-43C1-80B5-B662820EC3EB}.Debug|Any CPU.Build.0 = Debug|Any CPU
		{1A94A50E-06DC-43C1-80B5-B662820EC3EB}.Release|Any CPU.ActiveCfg = Release|Any CPU
		{1A94A50E-06DC-43C1-80B5-B662820EC3EB}.Release|Any CPU.Build.0 = Release|Any CPU
		{C956DD76-69C8-4A9C-83EA-D17DF83340FD}.Debug|Any CPU.ActiveCfg = Debug|Any CPU
		{C956DD76-69C8-4A9C-83EA-D17DF83340FD}.Debug|Any CPU.Build.0 = Debug|Any CPU
		{C956DD76-69C8-4A9C-83EA-D17DF83340FD}.Release|Any CPU.ActiveCfg = Release|Any CPU
		{C956DD76-69C8-4A9C-83EA-D17DF83340FD}.Release|Any CPU.Build.0 = Release|Any CPU
		{50B2631D-129C-47B3-A587-029CCD6099BC}.Debug|Any CPU.ActiveCfg = Debug|Any CPU
		{50B2631D-129C-47B3-A587-029CCD6099BC}.Debug|Any CPU.Build.0 = Debug|Any CPU
		{50B2631D-129C-47B3-A587-029CCD6099BC}.Release|Any CPU.ActiveCfg = Release|Any CPU
		{50B2631D-129C-47B3-A587-029CCD6099BC}.Release|Any CPU.Build.0 = Release|Any CPU
		{42F719ED-8413-4895-B5B4-5AB56079BC66}.Debug|Any CPU.ActiveCfg = Debug|Any CPU
		{42F719ED-8413-4895-B5B4-5AB56079BC66}.Debug|Any CPU.Build.0 = Debug|Any CPU
		{42F719ED-8413-4895-B5B4-5AB56079BC66}.Release|Any CPU.ActiveCfg = Release|Any CPU
		{42F719ED-8413-4895-B5B4-5AB56079BC66}.Release|Any CPU.Build.0 = Release|Any CPU
		{520659C8-C734-4298-A3DA-B539DB9DFC0B}.Debug|Any CPU.ActiveCfg = Debug|Any CPU
		{520659C8-C734-4298-A3DA-B539DB9DFC0B}.Debug|Any CPU.Build.0 = Debug|Any CPU
		{520659C8-C734-4298-A3DA-B539DB9DFC0B}.Release|Any CPU.ActiveCfg = Release|Any CPU
		{520659C8-C734-4298-A3DA-B539DB9DFC0B}.Release|Any CPU.Build.0 = Release|Any CPU
		{4164BDF7-F527-4E85-9CE6-E3C2D7426A27}.Debug|Any CPU.ActiveCfg = Debug|Any CPU
		{4164BDF7-F527-4E85-9CE6-E3C2D7426A27}.Debug|Any CPU.Build.0 = Debug|Any CPU
		{4164BDF7-F527-4E85-9CE6-E3C2D7426A27}.Release|Any CPU.ActiveCfg = Release|Any CPU
		{4164BDF7-F527-4E85-9CE6-E3C2D7426A27}.Release|Any CPU.Build.0 = Release|Any CPU
		{3B5A0094-670D-4BB1-BFDD-61B88A8773DC}.Debug|Any CPU.ActiveCfg = Debug|Any CPU
		{3B5A0094-670D-4BB1-BFDD-61B88A8773DC}.Debug|Any CPU.Build.0 = Debug|Any CPU
		{3B5A0094-670D-4BB1-BFDD-61B88A8773DC}.Release|Any CPU.ActiveCfg = Release|Any CPU
		{3B5A0094-670D-4BB1-BFDD-61B88A8773DC}.Release|Any CPU.Build.0 = Release|Any CPU
		{6FE54035-9C11-4702-A5E2-D16F23101468}.Debug|Any CPU.ActiveCfg = Debug|Any CPU
		{6FE54035-9C11-4702-A5E2-D16F23101468}.Debug|Any CPU.Build.0 = Debug|Any CPU
		{6FE54035-9C11-4702-A5E2-D16F23101468}.Release|Any CPU.ActiveCfg = Release|Any CPU
		{6FE54035-9C11-4702-A5E2-D16F23101468}.Release|Any CPU.Build.0 = Release|Any CPU
		{073C361E-B8F4-49F5-93CC-72A3FF49C026}.Debug|Any CPU.ActiveCfg = Debug|Any CPU
		{073C361E-B8F4-49F5-93CC-72A3FF49C026}.Debug|Any CPU.Build.0 = Debug|Any CPU
		{073C361E-B8F4-49F5-93CC-72A3FF49C026}.Release|Any CPU.ActiveCfg = Release|Any CPU
		{073C361E-B8F4-49F5-93CC-72A3FF49C026}.Release|Any CPU.Build.0 = Release|Any CPU
		{E6D5BF0E-DE92-4D82-A352-EF04B37CB11C}.Debug|Any CPU.ActiveCfg = Debug|Any CPU
		{E6D5BF0E-DE92-4D82-A352-EF04B37CB11C}.Debug|Any CPU.Build.0 = Debug|Any CPU
		{E6D5BF0E-DE92-4D82-A352-EF04B37CB11C}.Release|Any CPU.ActiveCfg = Release|Any CPU
		{E6D5BF0E-DE92-4D82-A352-EF04B37CB11C}.Release|Any CPU.Build.0 = Release|Any CPU
		{1FE30EB9-74A9-47F5-A9F6-7B1FAB672D81}.Debug|Any CPU.ActiveCfg = Debug|Any CPU
		{1FE30EB9-74A9-47F5-A9F6-7B1FAB672D81}.Debug|Any CPU.Build.0 = Debug|Any CPU
		{1FE30EB9-74A9-47F5-A9F6-7B1FAB672D81}.Release|Any CPU.ActiveCfg = Release|Any CPU
		{1FE30EB9-74A9-47F5-A9F6-7B1FAB672D81}.Release|Any CPU.Build.0 = Release|Any CPU
		{91853F21-9CD9-4132-BC29-A7D5D84FFFE7}.Debug|Any CPU.ActiveCfg = Debug|Any CPU
		{91853F21-9CD9-4132-BC29-A7D5D84FFFE7}.Debug|Any CPU.Build.0 = Debug|Any CPU
		{91853F21-9CD9-4132-BC29-A7D5D84FFFE7}.Release|Any CPU.ActiveCfg = Release|Any CPU
		{91853F21-9CD9-4132-BC29-A7D5D84FFFE7}.Release|Any CPU.Build.0 = Release|Any CPU
		{E512F4D9-9375-480F-A2F6-A46509F9D824}.Debug|Any CPU.ActiveCfg = Debug|Any CPU
		{E512F4D9-9375-480F-A2F6-A46509F9D824}.Debug|Any CPU.Build.0 = Debug|Any CPU
		{E512F4D9-9375-480F-A2F6-A46509F9D824}.Release|Any CPU.ActiveCfg = Release|Any CPU
		{E512F4D9-9375-480F-A2F6-A46509F9D824}.Release|Any CPU.Build.0 = Release|Any CPU
		{EF480016-9127-4916-8735-D2466BDBC582}.Debug|Any CPU.ActiveCfg = Debug|Any CPU
		{EF480016-9127-4916-8735-D2466BDBC582}.Debug|Any CPU.Build.0 = Debug|Any CPU
		{EF480016-9127-4916-8735-D2466BDBC582}.Release|Any CPU.ActiveCfg = Release|Any CPU
		{EF480016-9127-4916-8735-D2466BDBC582}.Release|Any CPU.Build.0 = Release|Any CPU
		{AA94D832-1CCC-4715-95A9-A483F23A1A5D}.Debug|Any CPU.ActiveCfg = Debug|Any CPU
		{AA94D832-1CCC-4715-95A9-A483F23A1A5D}.Debug|Any CPU.Build.0 = Debug|Any CPU
		{AA94D832-1CCC-4715-95A9-A483F23A1A5D}.Release|Any CPU.ActiveCfg = Release|Any CPU
		{AA94D832-1CCC-4715-95A9-A483F23A1A5D}.Release|Any CPU.Build.0 = Release|Any CPU
		{7F6DEF28-0C03-4C6E-82CF-F50AF185632E}.Debug|Any CPU.ActiveCfg = Debug|Any CPU
		{7F6DEF28-0C03-4C6E-82CF-F50AF185632E}.Debug|Any CPU.Build.0 = Debug|Any CPU
		{7F6DEF28-0C03-4C6E-82CF-F50AF185632E}.Release|Any CPU.ActiveCfg = Release|Any CPU
		{7F6DEF28-0C03-4C6E-82CF-F50AF185632E}.Release|Any CPU.Build.0 = Release|Any CPU
		{C4CC13FA-9AD1-4678-933D-EAC1E478FEF5}.Debug|Any CPU.ActiveCfg = Debug|Any CPU
		{C4CC13FA-9AD1-4678-933D-EAC1E478FEF5}.Debug|Any CPU.Build.0 = Debug|Any CPU
		{C4CC13FA-9AD1-4678-933D-EAC1E478FEF5}.Release|Any CPU.ActiveCfg = Release|Any CPU
		{C4CC13FA-9AD1-4678-933D-EAC1E478FEF5}.Release|Any CPU.Build.0 = Release|Any CPU
		{2D58EC6F-EECF-417F-88DD-7332176FDC23}.Debug|Any CPU.ActiveCfg = Debug|Any CPU
		{2D58EC6F-EECF-417F-88DD-7332176FDC23}.Debug|Any CPU.Build.0 = Debug|Any CPU
		{2D58EC6F-EECF-417F-88DD-7332176FDC23}.Release|Any CPU.ActiveCfg = Release|Any CPU
		{2D58EC6F-EECF-417F-88DD-7332176FDC23}.Release|Any CPU.Build.0 = Release|Any CPU
		{2E4D32BF-E8BA-4C32-A8ED-41CC2863F62D}.Debug|Any CPU.ActiveCfg = Debug|Any CPU
		{2E4D32BF-E8BA-4C32-A8ED-41CC2863F62D}.Debug|Any CPU.Build.0 = Debug|Any CPU
		{2E4D32BF-E8BA-4C32-A8ED-41CC2863F62D}.Release|Any CPU.ActiveCfg = Release|Any CPU
		{2E4D32BF-E8BA-4C32-A8ED-41CC2863F62D}.Release|Any CPU.Build.0 = Release|Any CPU
		{5F81BE65-A7A1-4FC7-BDC8-02C5BEEB0108}.Debug|Any CPU.ActiveCfg = Debug|Any CPU
		{5F81BE65-A7A1-4FC7-BDC8-02C5BEEB0108}.Debug|Any CPU.Build.0 = Debug|Any CPU
		{5F81BE65-A7A1-4FC7-BDC8-02C5BEEB0108}.Release|Any CPU.ActiveCfg = Release|Any CPU
		{5F81BE65-A7A1-4FC7-BDC8-02C5BEEB0108}.Release|Any CPU.Build.0 = Release|Any CPU
		{F85CCCE0-4614-489A-9EE3-95A8EC29FC89}.Debug|Any CPU.ActiveCfg = Debug|Any CPU
		{F85CCCE0-4614-489A-9EE3-95A8EC29FC89}.Debug|Any CPU.Build.0 = Debug|Any CPU
		{F85CCCE0-4614-489A-9EE3-95A8EC29FC89}.Release|Any CPU.ActiveCfg = Release|Any CPU
		{F85CCCE0-4614-489A-9EE3-95A8EC29FC89}.Release|Any CPU.Build.0 = Release|Any CPU
		{DC00C94A-0C66-4620-9E99-4C9627745B21}.Debug|Any CPU.ActiveCfg = Debug|Any CPU
		{DC00C94A-0C66-4620-9E99-4C9627745B21}.Debug|Any CPU.Build.0 = Debug|Any CPU
		{DC00C94A-0C66-4620-9E99-4C9627745B21}.Release|Any CPU.ActiveCfg = Release|Any CPU
		{DC00C94A-0C66-4620-9E99-4C9627745B21}.Release|Any CPU.Build.0 = Release|Any CPU
		{0128DB0D-5789-4D89-998B-791F12F4AB8D}.Debug|Any CPU.ActiveCfg = Debug|Any CPU
		{0128DB0D-5789-4D89-998B-791F12F4AB8D}.Debug|Any CPU.Build.0 = Debug|Any CPU
		{0128DB0D-5789-4D89-998B-791F12F4AB8D}.Release|Any CPU.ActiveCfg = Release|Any CPU
		{0128DB0D-5789-4D89-998B-791F12F4AB8D}.Release|Any CPU.Build.0 = Release|Any CPU
		{C1F8C384-E03E-42C8-96F2-79029DA4B983}.Debug|Any CPU.ActiveCfg = Debug|Any CPU
		{C1F8C384-E03E-42C8-96F2-79029DA4B983}.Debug|Any CPU.Build.0 = Debug|Any CPU
		{C1F8C384-E03E-42C8-96F2-79029DA4B983}.Release|Any CPU.ActiveCfg = Release|Any CPU
		{C1F8C384-E03E-42C8-96F2-79029DA4B983}.Release|Any CPU.Build.0 = Release|Any CPU
		{BCD9EA04-8D35-4038-8B83-BB772630CE3A}.Debug|Any CPU.ActiveCfg = Debug|Any CPU
		{BCD9EA04-8D35-4038-8B83-BB772630CE3A}.Debug|Any CPU.Build.0 = Debug|Any CPU
		{BCD9EA04-8D35-4038-8B83-BB772630CE3A}.Release|Any CPU.ActiveCfg = Release|Any CPU
		{BCD9EA04-8D35-4038-8B83-BB772630CE3A}.Release|Any CPU.Build.0 = Release|Any CPU
		{674562A9-AF10-45E8-A585-506C23E90BE3}.Debug|Any CPU.ActiveCfg = Debug|Any CPU
		{674562A9-AF10-45E8-A585-506C23E90BE3}.Debug|Any CPU.Build.0 = Debug|Any CPU
		{674562A9-AF10-45E8-A585-506C23E90BE3}.Release|Any CPU.ActiveCfg = Release|Any CPU
		{674562A9-AF10-45E8-A585-506C23E90BE3}.Release|Any CPU.Build.0 = Release|Any CPU
		{0B6B5C44-83C6-4870-90B3-4B4D16B662DF}.Debug|Any CPU.ActiveCfg = Debug|Any CPU
		{0B6B5C44-83C6-4870-90B3-4B4D16B662DF}.Debug|Any CPU.Build.0 = Debug|Any CPU
		{0B6B5C44-83C6-4870-90B3-4B4D16B662DF}.Release|Any CPU.ActiveCfg = Release|Any CPU
		{0B6B5C44-83C6-4870-90B3-4B4D16B662DF}.Release|Any CPU.Build.0 = Release|Any CPU
		{0854E3A9-CF2D-4422-930B-926633FAC198}.Debug|Any CPU.ActiveCfg = Debug|Any CPU
		{0854E3A9-CF2D-4422-930B-926633FAC198}.Debug|Any CPU.Build.0 = Debug|Any CPU
		{0854E3A9-CF2D-4422-930B-926633FAC198}.Release|Any CPU.ActiveCfg = Release|Any CPU
		{0854E3A9-CF2D-4422-930B-926633FAC198}.Release|Any CPU.Build.0 = Release|Any CPU
		{77B94E3A-4066-4FD3-B4D6-ED58BE2F4B80}.Debug|Any CPU.ActiveCfg = Debug|Any CPU
		{77B94E3A-4066-4FD3-B4D6-ED58BE2F4B80}.Debug|Any CPU.Build.0 = Debug|Any CPU
		{77B94E3A-4066-4FD3-B4D6-ED58BE2F4B80}.Release|Any CPU.ActiveCfg = Release|Any CPU
		{77B94E3A-4066-4FD3-B4D6-ED58BE2F4B80}.Release|Any CPU.Build.0 = Release|Any CPU
		{669D883A-18EA-4818-97E7-37ACA5277D8A}.Debug|Any CPU.ActiveCfg = Debug|Any CPU
		{669D883A-18EA-4818-97E7-37ACA5277D8A}.Debug|Any CPU.Build.0 = Debug|Any CPU
		{669D883A-18EA-4818-97E7-37ACA5277D8A}.Release|Any CPU.ActiveCfg = Release|Any CPU
		{669D883A-18EA-4818-97E7-37ACA5277D8A}.Release|Any CPU.Build.0 = Release|Any CPU
		{A374F731-C76C-440F-8839-28E85BEDD735}.Debug|Any CPU.ActiveCfg = Debug|Any CPU
		{A374F731-C76C-440F-8839-28E85BEDD735}.Debug|Any CPU.Build.0 = Debug|Any CPU
		{A374F731-C76C-440F-8839-28E85BEDD735}.Release|Any CPU.ActiveCfg = Release|Any CPU
		{A374F731-C76C-440F-8839-28E85BEDD735}.Release|Any CPU.Build.0 = Release|Any CPU
		{F6A6206A-85F8-4C32-BADA-B93465F2310D}.Debug|Any CPU.ActiveCfg = Debug|Any CPU
		{F6A6206A-85F8-4C32-BADA-B93465F2310D}.Debug|Any CPU.Build.0 = Debug|Any CPU
		{F6A6206A-85F8-4C32-BADA-B93465F2310D}.Release|Any CPU.ActiveCfg = Release|Any CPU
		{F6A6206A-85F8-4C32-BADA-B93465F2310D}.Release|Any CPU.Build.0 = Release|Any CPU
		{A7FDC1E7-5ADD-4904-8BC7-3EF17462729A}.Debug|Any CPU.ActiveCfg = Debug|Any CPU
		{A7FDC1E7-5ADD-4904-8BC7-3EF17462729A}.Debug|Any CPU.Build.0 = Debug|Any CPU
		{A7FDC1E7-5ADD-4904-8BC7-3EF17462729A}.Release|Any CPU.ActiveCfg = Release|Any CPU
		{A7FDC1E7-5ADD-4904-8BC7-3EF17462729A}.Release|Any CPU.Build.0 = Release|Any CPU
		{32DE5633-9B4E-47F0-9D96-5CCC197C0A48}.Debug|Any CPU.ActiveCfg = Debug|Any CPU
		{32DE5633-9B4E-47F0-9D96-5CCC197C0A48}.Debug|Any CPU.Build.0 = Debug|Any CPU
		{32DE5633-9B4E-47F0-9D96-5CCC197C0A48}.Release|Any CPU.ActiveCfg = Release|Any CPU
		{32DE5633-9B4E-47F0-9D96-5CCC197C0A48}.Release|Any CPU.Build.0 = Release|Any CPU
		{364E091C-BABB-42B7-8424-8AF8BCBFD4F2}.Debug|Any CPU.ActiveCfg = Debug|Any CPU
		{364E091C-BABB-42B7-8424-8AF8BCBFD4F2}.Debug|Any CPU.Build.0 = Debug|Any CPU
		{364E091C-BABB-42B7-8424-8AF8BCBFD4F2}.Release|Any CPU.ActiveCfg = Release|Any CPU
		{364E091C-BABB-42B7-8424-8AF8BCBFD4F2}.Release|Any CPU.Build.0 = Release|Any CPU
		{98EC692E-1354-4FED-9449-E01EDD348B79}.Debug|Any CPU.ActiveCfg = Debug|Any CPU
		{98EC692E-1354-4FED-9449-E01EDD348B79}.Debug|Any CPU.Build.0 = Debug|Any CPU
		{98EC692E-1354-4FED-9449-E01EDD348B79}.Release|Any CPU.ActiveCfg = Release|Any CPU
		{98EC692E-1354-4FED-9449-E01EDD348B79}.Release|Any CPU.Build.0 = Release|Any CPU
		{FC10F384-EF18-42BE-AE83-6FE4F655944F}.Debug|Any CPU.ActiveCfg = Debug|Any CPU
		{FC10F384-EF18-42BE-AE83-6FE4F655944F}.Debug|Any CPU.Build.0 = Debug|Any CPU
		{FC10F384-EF18-42BE-AE83-6FE4F655944F}.Release|Any CPU.ActiveCfg = Release|Any CPU
		{FC10F384-EF18-42BE-AE83-6FE4F655944F}.Release|Any CPU.Build.0 = Release|Any CPU
		{3E895EEE-2102-415B-A0A7-6827CAC30C3D}.Debug|Any CPU.ActiveCfg = Debug|Any CPU
		{3E895EEE-2102-415B-A0A7-6827CAC30C3D}.Debug|Any CPU.Build.0 = Debug|Any CPU
		{3E895EEE-2102-415B-A0A7-6827CAC30C3D}.Release|Any CPU.ActiveCfg = Release|Any CPU
		{3E895EEE-2102-415B-A0A7-6827CAC30C3D}.Release|Any CPU.Build.0 = Release|Any CPU
		{B592B24B-0B9D-47C3-8820-F2BC16894DF0}.Debug|Any CPU.ActiveCfg = Debug|Any CPU
		{B592B24B-0B9D-47C3-8820-F2BC16894DF0}.Debug|Any CPU.Build.0 = Debug|Any CPU
		{B592B24B-0B9D-47C3-8820-F2BC16894DF0}.Release|Any CPU.ActiveCfg = Release|Any CPU
		{B592B24B-0B9D-47C3-8820-F2BC16894DF0}.Release|Any CPU.Build.0 = Release|Any CPU
		{6195A75A-32E0-486D-8B6F-608EFEBFA863}.Debug|Any CPU.ActiveCfg = Debug|Any CPU
		{6195A75A-32E0-486D-8B6F-608EFEBFA863}.Debug|Any CPU.Build.0 = Debug|Any CPU
		{6195A75A-32E0-486D-8B6F-608EFEBFA863}.Release|Any CPU.ActiveCfg = Release|Any CPU
		{6195A75A-32E0-486D-8B6F-608EFEBFA863}.Release|Any CPU.Build.0 = Release|Any CPU
		{D4559E78-3B6A-42A0-8526-BD69E6B17864}.Debug|Any CPU.ActiveCfg = Debug|Any CPU
		{D4559E78-3B6A-42A0-8526-BD69E6B17864}.Debug|Any CPU.Build.0 = Debug|Any CPU
		{D4559E78-3B6A-42A0-8526-BD69E6B17864}.Release|Any CPU.ActiveCfg = Release|Any CPU
		{D4559E78-3B6A-42A0-8526-BD69E6B17864}.Release|Any CPU.Build.0 = Release|Any CPU
		{41C8CC89-89D8-4BD4-B707-F349630E2796}.Debug|Any CPU.ActiveCfg = Debug|Any CPU
		{41C8CC89-89D8-4BD4-B707-F349630E2796}.Debug|Any CPU.Build.0 = Debug|Any CPU
		{41C8CC89-89D8-4BD4-B707-F349630E2796}.Release|Any CPU.ActiveCfg = Release|Any CPU
		{41C8CC89-89D8-4BD4-B707-F349630E2796}.Release|Any CPU.Build.0 = Release|Any CPU
		{A667F2B7-B16B-40B5-96FB-5D58D2CEB8CE}.Debug|Any CPU.ActiveCfg = Debug|Any CPU
		{A667F2B7-B16B-40B5-96FB-5D58D2CEB8CE}.Debug|Any CPU.Build.0 = Debug|Any CPU
		{A667F2B7-B16B-40B5-96FB-5D58D2CEB8CE}.Release|Any CPU.ActiveCfg = Release|Any CPU
		{A667F2B7-B16B-40B5-96FB-5D58D2CEB8CE}.Release|Any CPU.Build.0 = Release|Any CPU
		{2AD5AD28-1764-42AD-B288-18F650010B88}.Debug|Any CPU.ActiveCfg = Debug|Any CPU
		{2AD5AD28-1764-42AD-B288-18F650010B88}.Debug|Any CPU.Build.0 = Debug|Any CPU
		{2AD5AD28-1764-42AD-B288-18F650010B88}.Release|Any CPU.ActiveCfg = Release|Any CPU
		{2AD5AD28-1764-42AD-B288-18F650010B88}.Release|Any CPU.Build.0 = Release|Any CPU
		{1FAA850C-49FF-4A5B-99A6-B70F424E1B5A}.Debug|Any CPU.ActiveCfg = Debug|Any CPU
		{1FAA850C-49FF-4A5B-99A6-B70F424E1B5A}.Debug|Any CPU.Build.0 = Debug|Any CPU
		{1FAA850C-49FF-4A5B-99A6-B70F424E1B5A}.Release|Any CPU.ActiveCfg = Release|Any CPU
		{1FAA850C-49FF-4A5B-99A6-B70F424E1B5A}.Release|Any CPU.Build.0 = Release|Any CPU
		{90C38F2F-02DC-4B8B-8E56-CCFFF10DF8C9}.Debug|Any CPU.ActiveCfg = Debug|Any CPU
		{90C38F2F-02DC-4B8B-8E56-CCFFF10DF8C9}.Debug|Any CPU.Build.0 = Debug|Any CPU
		{90C38F2F-02DC-4B8B-8E56-CCFFF10DF8C9}.Release|Any CPU.ActiveCfg = Release|Any CPU
		{90C38F2F-02DC-4B8B-8E56-CCFFF10DF8C9}.Release|Any CPU.Build.0 = Release|Any CPU
		{DC6A321E-814E-4BFF-8565-4BBE3AE1566A}.Debug|Any CPU.ActiveCfg = Debug|Any CPU
		{DC6A321E-814E-4BFF-8565-4BBE3AE1566A}.Debug|Any CPU.Build.0 = Debug|Any CPU
		{DC6A321E-814E-4BFF-8565-4BBE3AE1566A}.Release|Any CPU.ActiveCfg = Release|Any CPU
		{DC6A321E-814E-4BFF-8565-4BBE3AE1566A}.Release|Any CPU.Build.0 = Release|Any CPU
	EndGlobalSection
	GlobalSection(SolutionProperties) = preSolution
		HideSolutionNode = FALSE
	EndGlobalSection
	GlobalSection(NestedProjects) = preSolution
		{554AD327-6DBA-4F8F-96F8-81CE7A0C863F} = {CA9AC87F-097E-4F15-8393-4BC07735A5B0}
		{1A94A50E-06DC-43C1-80B5-B662820EC3EB} = {CA9AC87F-097E-4F15-8393-4BC07735A5B0}
		{C956DD76-69C8-4A9C-83EA-D17DF83340FD} = {CA9AC87F-097E-4F15-8393-4BC07735A5B0}
		{50B2631D-129C-47B3-A587-029CCD6099BC} = {04DBDB01-70F4-4E06-B468-8F87850B22BE}
		{42F719ED-8413-4895-B5B4-5AB56079BC66} = {CA9AC87F-097E-4F15-8393-4BC07735A5B0}
		{520659C8-C734-4298-A3DA-B539DB9DFC0B} = {CA9AC87F-097E-4F15-8393-4BC07735A5B0}
		{4164BDF7-F527-4E85-9CE6-E3C2D7426A27} = {CA9AC87F-097E-4F15-8393-4BC07735A5B0}
		{3B5A0094-670D-4BB1-BFDD-61B88A8773DC} = {CA9AC87F-097E-4F15-8393-4BC07735A5B0}
		{6FE54035-9C11-4702-A5E2-D16F23101468} = {CA9AC87F-097E-4F15-8393-4BC07735A5B0}
		{073C361E-B8F4-49F5-93CC-72A3FF49C026} = {CA9AC87F-097E-4F15-8393-4BC07735A5B0}
		{E6D5BF0E-DE92-4D82-A352-EF04B37CB11C} = {CA9AC87F-097E-4F15-8393-4BC07735A5B0}
		{1FE30EB9-74A9-47F5-A9F6-7B1FAB672D81} = {04DBDB01-70F4-4E06-B468-8F87850B22BE}
		{91853F21-9CD9-4132-BC29-A7D5D84FFFE7} = {04DBDB01-70F4-4E06-B468-8F87850B22BE}
		{E512F4D9-9375-480F-A2F6-A46509F9D824} = {04DBDB01-70F4-4E06-B468-8F87850B22BE}
		{EF480016-9127-4916-8735-D2466BDBC582} = {04DBDB01-70F4-4E06-B468-8F87850B22BE}
		{AA94D832-1CCC-4715-95A9-A483F23A1A5D} = {CA9AC87F-097E-4F15-8393-4BC07735A5B0}
		{7F6DEF28-0C03-4C6E-82CF-F50AF185632E} = {6315E17F-7CCC-472E-9DE0-F47FE5849B88}
		{FFD78B12-E0E4-47BB-8D41-220F98EBABC7} = {6CE7F3A7-8F6A-4385-BC62-A9C8FB5035BE}
		{928F4A56-C903-4688-8E63-9EB03166C831} = {FFD78B12-E0E4-47BB-8D41-220F98EBABC7}
		{C4CC13FA-9AD1-4678-933D-EAC1E478FEF5} = {928F4A56-C903-4688-8E63-9EB03166C831}
		{2D58EC6F-EECF-417F-88DD-7332176FDC23} = {928F4A56-C903-4688-8E63-9EB03166C831}
		{2E4D32BF-E8BA-4C32-A8ED-41CC2863F62D} = {928F4A56-C903-4688-8E63-9EB03166C831}
		{5F81BE65-A7A1-4FC7-BDC8-02C5BEEB0108} = {928F4A56-C903-4688-8E63-9EB03166C831}
		{F85CCCE0-4614-489A-9EE3-95A8EC29FC89} = {928F4A56-C903-4688-8E63-9EB03166C831}
		{DC00C94A-0C66-4620-9E99-4C9627745B21} = {928F4A56-C903-4688-8E63-9EB03166C831}
		{0128DB0D-5789-4D89-998B-791F12F4AB8D} = {928F4A56-C903-4688-8E63-9EB03166C831}
		{BD697943-D136-4574-AB2B-7ECF1E20C776} = {6CE7F3A7-8F6A-4385-BC62-A9C8FB5035BE}
		{C5A14412-0C5A-41D5-8EE6-FEE08CA033AA} = {BD697943-D136-4574-AB2B-7ECF1E20C776}
		{C1F8C384-E03E-42C8-96F2-79029DA4B983} = {C5A14412-0C5A-41D5-8EE6-FEE08CA033AA}
		{80724F1B-0FD9-44F5-9716-FA4C074B3609} = {6CE7F3A7-8F6A-4385-BC62-A9C8FB5035BE}
		{9A730CF7-4D4D-4B63-AD33-1FAE5B5AE6D7} = {80724F1B-0FD9-44F5-9716-FA4C074B3609}
		{BCD9EA04-8D35-4038-8B83-BB772630CE3A} = {9A730CF7-4D4D-4B63-AD33-1FAE5B5AE6D7}
		{674562A9-AF10-45E8-A585-506C23E90BE3} = {C5A14412-0C5A-41D5-8EE6-FEE08CA033AA}
		{0B6B5C44-83C6-4870-90B3-4B4D16B662DF} = {C5A14412-0C5A-41D5-8EE6-FEE08CA033AA}
		{0854E3A9-CF2D-4422-930B-926633FAC198} = {C5A14412-0C5A-41D5-8EE6-FEE08CA033AA}
		{77B94E3A-4066-4FD3-B4D6-ED58BE2F4B80} = {C5A14412-0C5A-41D5-8EE6-FEE08CA033AA}
		{669D883A-18EA-4818-97E7-37ACA5277D8A} = {C5A14412-0C5A-41D5-8EE6-FEE08CA033AA}
		{A374F731-C76C-440F-8839-28E85BEDD735} = {C5A14412-0C5A-41D5-8EE6-FEE08CA033AA}
		{F6A6206A-85F8-4C32-BADA-B93465F2310D} = {C5A14412-0C5A-41D5-8EE6-FEE08CA033AA}
		{A7FDC1E7-5ADD-4904-8BC7-3EF17462729A} = {C5A14412-0C5A-41D5-8EE6-FEE08CA033AA}
		{32DE5633-9B4E-47F0-9D96-5CCC197C0A48} = {C5A14412-0C5A-41D5-8EE6-FEE08CA033AA}
		{364E091C-BABB-42B7-8424-8AF8BCBFD4F2} = {C5A14412-0C5A-41D5-8EE6-FEE08CA033AA}
		{98EC692E-1354-4FED-9449-E01EDD348B79} = {9A730CF7-4D4D-4B63-AD33-1FAE5B5AE6D7}
		{FC10F384-EF18-42BE-AE83-6FE4F655944F} = {9A730CF7-4D4D-4B63-AD33-1FAE5B5AE6D7}
		{3E895EEE-2102-415B-A0A7-6827CAC30C3D} = {9A730CF7-4D4D-4B63-AD33-1FAE5B5AE6D7}
		{B592B24B-0B9D-47C3-8820-F2BC16894DF0} = {9A730CF7-4D4D-4B63-AD33-1FAE5B5AE6D7}
		{B51D0264-ED43-4E38-99F0-4A37ED8C8FE8} = {6CE7F3A7-8F6A-4385-BC62-A9C8FB5035BE}
		{1869892B-48EF-49D5-8BBB-723598B5862A} = {B51D0264-ED43-4E38-99F0-4A37ED8C8FE8}
		{6195A75A-32E0-486D-8B6F-608EFEBFA863} = {1869892B-48EF-49D5-8BBB-723598B5862A}
		{D4559E78-3B6A-42A0-8526-BD69E6B17864} = {1869892B-48EF-49D5-8BBB-723598B5862A}
		{41C8CC89-89D8-4BD4-B707-F349630E2796} = {1869892B-48EF-49D5-8BBB-723598B5862A}
		{A667F2B7-B16B-40B5-96FB-5D58D2CEB8CE} = {1869892B-48EF-49D5-8BBB-723598B5862A}
		{2AD5AD28-1764-42AD-B288-18F650010B88} = {1869892B-48EF-49D5-8BBB-723598B5862A}
		{1FAA850C-49FF-4A5B-99A6-B70F424E1B5A} = {1869892B-48EF-49D5-8BBB-723598B5862A}
		{90C38F2F-02DC-4B8B-8E56-CCFFF10DF8C9} = {1869892B-48EF-49D5-8BBB-723598B5862A}
		{DC6A321E-814E-4BFF-8565-4BBE3AE1566A} = {1869892B-48EF-49D5-8BBB-723598B5862A}
	EndGlobalSection
	GlobalSection(ExtensibilityGlobals) = postSolution
		SolutionGuid = {28315BFD-90E7-4E14-A2EA-F3D23AF4126F}
	EndGlobalSection
EndGlobal
